{
  "name": "weatherhost",
  "version": "0.1.0",
  "lockfileVersion": 3,
  "requires": true,
  "packages": {
    "": {
      "name": "weatherhost",
      "version": "0.1.0",
      "dependencies": {
        "@typespec/mcp": "file:../mcp"
      },
      "devDependencies": {
        "@typespec/compiler": "file:../mcp/node_modules/@typespec/compiler",
        "@typespec/http": "file:../mcp/node_modules/@typespec/http",
        "@typespec/rest": "file:../mcp/node_modules/@typespec/rest"
      },
      "peerDependencies": {
        "@typespec/compiler": "file:../mcp/node_modules/@typespec/compiler",
        "@typespec/http": "file:../mcp/node_modules/@typespec/http",
        "@typespec/rest": "file:../mcp/node_modules/@typespec/rest"
      }
    },
    "../mcp": {
      "name": "@typespec/mcp",
      "version": "0.1.0",
      "license": "MIT",
      "dependencies": {
        "@alloy-js/core": "^0.6.0",
        "@alloy-js/typescript": "^0.6.0",
        "@modelcontextprotocol/sdk": "^1.6.1",
        "@typespec/emitter-framework": "0.3.0",
        "yaml": "~2.7.0",
        "zod": "^3.23.8"
      },
      "devDependencies": {
        "@alloy-js/babel-preset": "^0.2.0",
        "@babel/cli": "^7.26.4",
        "@babel/core": "^7.26.10",
        "@rollup/plugin-babel": "^6.0.4",
        "@types/node": "latest",
        "@typescript-eslint/eslint-plugin": "^8.15.0",
        "@typescript-eslint/parser": "^8.15.0",
        "@typespec/compiler": "^1.0.0-rc.0",
        "@typespec/http": "^1.0.0-rc.0",
        "@typespec/library-linter": "latest",
        "concurrently": "^9.1.2",
        "eslint": "^9.15.0",
        "prettier": "^3.3.3",
        "typescript": "^5.3.3"
      },
      "peerDependencies": {
        "@typespec/compiler": "^1.0.0-rc.0",
        "@typespec/http": "^1.0.0-rc.0"
      }
    },
    "../mcp/node_modules/@typespec/compiler": {
      "version": "1.0.0-rc.0",
      "dev": true,
      "license": "MIT",
      "dependencies": {
        "@babel/code-frame": "~7.26.2",
        "@inquirer/prompts": "^7.4.0",
        "ajv": "~8.17.1",
        "change-case": "~5.4.4",
        "env-paths": "^3.0.0",
        "globby": "~14.1.0",
        "is-unicode-supported": "^2.1.0",
        "mustache": "~4.2.0",
        "picocolors": "~1.1.1",
        "prettier": "~3.5.3",
        "semver": "^7.7.1",
        "tar": "^7.4.3",
        "temporal-polyfill": "^0.2.5",
        "vscode-languageserver": "~9.0.1",
        "vscode-languageserver-textdocument": "~1.0.12",
        "yaml": "~2.7.0",
        "yargs": "~17.7.2"
      },
      "bin": {
        "tsp": "cmd/tsp.js",
        "tsp-server": "cmd/tsp-server.js"
      },
      "engines": {
        "node": ">=20.0.0"
      }
    },
    "../mcp/node_modules/@typespec/http": {
      "version": "1.0.0-rc.0",
      "dev": true,
      "license": "MIT",
      "engines": {
        "node": ">=20.0.0"
      },
      "peerDependencies": {
        "@typespec/compiler": "^1.0.0-rc.0",
        "@typespec/streams": "^0.68.0"
      },
      "peerDependenciesMeta": {
        "@typespec/streams": {
          "optional": true
        }
      }
    },
    "../mcp/node_modules/@typespec/rest": {
      "version": "0.67.1",
      "dev": true,
      "license": "MIT",
      "engines": {
        "node": ">=20.0.0"
      },
      "peerDependencies": {
        "@typespec/compiler": "^0.67.1",
        "@typespec/http": "^0.67.1"
      }
    },
    "../node_modules/@typespec/compiler": {
      "extraneous": true
    },
    "../node_modules/@typespec/http": {
      "extraneous": true
    },
    "../node_modules/@typespec/rest": {
      "extraneous": true
    },
    "node_modules/@typespec/compiler": {
      "resolved": "../mcp/node_modules/@typespec/compiler",
      "link": true
    },
    "node_modules/@typespec/http": {
      "resolved": "../mcp/node_modules/@typespec/http",
      "link": true
    },
    "node_modules/@typespec/mcp": {
      "resolved": "../mcp",
      "link": true
    },
    "node_modules/@typespec/rest": {
      "resolved": "../mcp/node_modules/@typespec/rest",
      "link": true
    }
  }
}
